
Microsoft Visual Studio Solution File, Format Version 12.00
# Visual Studio Version 16
VisualStudioVersion = 16.0.30517.126
MinimumVisualStudioVersion = 10.0.40219.1
Project("{9A19103F-16F7-4668-BE54-9A1E7A4F7556}") = "DayOfWeek", "DayOfWeek\DayOfWeek.csproj", "{BAA38C48-A14C-4A5E-B229-D4999E9B443D}"
EndProject
Project("{FAE04EC0-301F-11D3-BF4B-00C04F79EFBC}") = "Print Numbers in Reverse Order", "Print Numbers in Reverse Order\Print Numbers in Reverse Order.csproj", "{E08836B2-6170-4435-9B40-DE0AEF4B9FAF}"
EndProject
Project("{FAE04EC0-301F-11D3-BF4B-00C04F79EFBC}") = "Reverse Array of Strings", "Reverse Array of Strings\Reverse Array of Strings.csproj", "{C78E9923-F6A1-42D9-92EF-B7EA22C02DCA}"
EndProject
Project("{FAE04EC0-301F-11D3-BF4B-00C04F79EFBC}") = "Rounding Numbers", "Rounding Numbers\Rounding Numbers.csproj", "{1550F06A-3C5F-4717-9E47-0C15550BD7D4}"
EndProject
Project("{FAE04EC0-301F-11D3-BF4B-00C04F79EFBC}") = "Sum Even Numbers", "Sum Even Numbers\Sum Even Numbers.csproj", "{9CF4E98B-77E2-46A1-BB64-61E598CB6118}"
EndProject
Project("{FAE04EC0-301F-11D3-BF4B-00C04F79EFBC}") = "Even and Odd Subtraction", "Even and Odd Subtraction\Even and Odd Subtraction.csproj", "{07128478-C2FB-482B-9172-8839D2B8420B}"
EndProject
Project("{FAE04EC0-301F-11D3-BF4B-00C04F79EFBC}") = "Equal Arrays", "Equal Arrays\Equal Arrays.csproj", "{98CCD4AB-6944-438E-9612-04846DA29876}"
EndProject
Project("{FAE04EC0-301F-11D3-BF4B-00C04F79EFBC}") = "Condense Array to Number", "Condense Array to Number\Condense Array to Number.csproj", "{F6E22B52-1D8B-4C89-885F-A784F95A5AE5}"
EndProject
Global
	GlobalSection(SolutionConfigurationPlatforms) = preSolution
		Debug|Any CPU = Debug|Any CPU
		Release|Any CPU = Release|Any CPU
	EndGlobalSection
	GlobalSection(ProjectConfigurationPlatforms) = postSolution
		{BAA38C48-A14C-4A5E-B229-D4999E9B443D}.Debug|Any CPU.ActiveCfg = Debug|Any CPU
		{BAA38C48-A14C-4A5E-B229-D4999E9B443D}.Debug|Any CPU.Build.0 = Debug|Any CPU
		{BAA38C48-A14C-4A5E-B229-D4999E9B443D}.Release|Any CPU.ActiveCfg = Release|Any CPU
		{BAA38C48-A14C-4A5E-B229-D4999E9B443D}.Release|Any CPU.Build.0 = Release|Any CPU
		{E08836B2-6170-4435-9B40-DE0AEF4B9FAF}.Debug|Any CPU.ActiveCfg = Debug|Any CPU
		{E08836B2-6170-4435-9B40-DE0AEF4B9FAF}.Debug|Any CPU.Build.0 = Debug|Any CPU
		{E08836B2-6170-4435-9B40-DE0AEF4B9FAF}.Release|Any CPU.ActiveCfg = Release|Any CPU
		{E08836B2-6170-4435-9B40-DE0AEF4B9FAF}.Release|Any CPU.Build.0 = Release|Any CPU
		{C78E9923-F6A1-42D9-92EF-B7EA22C02DCA}.Debug|Any CPU.ActiveCfg = Debug|Any CPU
		{C78E9923-F6A1-42D9-92EF-B7EA22C02DCA}.Debug|Any CPU.Build.0 = Debug|Any CPU
		{C78E9923-F6A1-42D9-92EF-B7EA22C02DCA}.Release|Any CPU.ActiveCfg = Release|Any CPU
		{C78E9923-F6A1-42D9-92EF-B7EA22C02DCA}.Release|Any CPU.Build.0 = Release|Any CPU
		{1550F06A-3C5F-4717-9E47-0C15550BD7D4}.Debug|Any CPU.ActiveCfg = Debug|Any CPU
		{1550F06A-3C5F-4717-9E47-0C15550BD7D4}.Debug|Any CPU.Build.0 = Debug|Any CPU
		{1550F06A-3C5F-4717-9E47-0C15550BD7D4}.Release|Any CPU.ActiveCfg = Release|Any CPU
		{1550F06A-3C5F-4717-9E47-0C15550BD7D4}.Release|Any CPU.Build.0 = Release|Any CPU
		{9CF4E98B-77E2-46A1-BB64-61E598CB6118}.Debug|Any CPU.ActiveCfg = Debug|Any CPU
		{9CF4E98B-77E2-46A1-BB64-61E598CB6118}.Debug|Any CPU.Build.0 = Debug|Any CPU
		{9CF4E98B-77E2-46A1-BB64-61E598CB6118}.Release|Any CPU.ActiveCfg = Release|Any CPU
		{9CF4E98B-77E2-46A1-BB64-61E598CB6118}.Release|Any CPU.Build.0 = Release|Any CPU
		{07128478-C2FB-482B-9172-8839D2B8420B}.Debug|Any CPU.ActiveCfg = Debug|Any CPU
		{07128478-C2FB-482B-9172-8839D2B8420B}.Debug|Any CPU.Build.0 = Debug|Any CPU
		{07128478-C2FB-482B-9172-8839D2B8420B}.Release|Any CPU.ActiveCfg = Release|Any CPU
		{07128478-C2FB-482B-9172-8839D2B8420B}.Release|Any CPU.Build.0 = Release|Any CPU
		{98CCD4AB-6944-438E-9612-04846DA29876}.Debug|Any CPU.ActiveCfg = Debug|Any CPU
		{98CCD4AB-6944-438E-9612-04846DA29876}.Debug|Any CPU.Build.0 = Debug|Any CPU
		{98CCD4AB-6944-438E-9612-04846DA29876}.Release|Any CPU.ActiveCfg = Release|Any CPU
		{98CCD4AB-6944-438E-9612-04846DA29876}.Release|Any CPU.Build.0 = Release|Any CPU
		{F6E22B52-1D8B-4C89-885F-A784F95A5AE5}.Debug|Any CPU.ActiveCfg = Debug|Any CPU
		{F6E22B52-1D8B-4C89-885F-A784F95A5AE5}.Debug|Any CPU.Build.0 = Debug|Any CPU
		{F6E22B52-1D8B-4C89-885F-A784F95A5AE5}.Release|Any CPU.ActiveCfg = Release|Any CPU
		{F6E22B52-1D8B-4C89-885F-A784F95A5AE5}.Release|Any CPU.Build.0 = Release|Any CPU
	EndGlobalSection
	GlobalSection(SolutionProperties) = preSolution
		HideSolutionNode = FALSE
	EndGlobalSection
	GlobalSection(ExtensibilityGlobals) = postSolution
		SolutionGuid = {04D43A21-1E86-4742-BF26-26A391B8AD89}
	EndGlobalSection
EndGlobal
